
Microsoft Visual Studio Solution File, Format Version 12.00
# Visual Studio Version 16
VisualStudioVersion = 16.0.30011.22
MinimumVisualStudioVersion = 10.0.40219.1
Project("{8BC9CEB8-8B4A-11D0-8D11-00A0C91BC942}") = "VS", "VS\VS.vcxproj", "{D416BC48-87BF-4222-B346-5FF8F13C9336}"
EndProject
Global
	GlobalSection(SolutionConfigurationPlatforms) = preSolution
		Debug|x64 = Debug|x64
		Debug|x86 = Debug|x86
		Release|x64 = Release|x64
		Release|x86 = Release|x86
	EndGlobalSection
	GlobalSection(ProjectConfigurationPlatforms) = postSolution
		{D416BC48-87BF-4222-B346-5FF8F13C9336}.Debug|x64.ActiveCfg = Debug|x64
		{D416BC48-87BF-4222-B346-5FF8F13C9336}.Debug|x64.Build.0 = Debug|x64
		{D416BC48-87BF-4222-B346-5FF8F13C9336}.Debug|x86.ActiveCfg = Debug|Win32
		{D416BC48-87BF-4222-B346-5FF8F13C9336}.Debug|x86.Build.0 = Debug|Win32
		{D416BC48-87BF-4222-B346-5FF8F13C9336}.Release|x64.ActiveCfg = Release|x64
		{D416BC48-87BF-4222-B346-5FF8F13C9336}.Release|x64.Build.0 = Release|x64
		{D416BC48-87BF-4222-B346-5FF8F13C9336}.Release|x86.ActiveCfg = Release|Win32
		{D416BC48-87BF-4222-B346-5FF8F13C9336}.Release|x86.Build.0 = Release|Win32
	EndGlobalSection
	GlobalSection(SolutionProperties) = preSolution
		HideSolutionNode = FALSE
	EndGlobalSection
	GlobalSection(ExtensibilityGlobals) = postSolution
		SolutionGuid = {B15BF6E9-7022-46A3-83ED-4CEB4AB6B54D}
	EndGlobalSection
EndGlobal
